{
  "nodes": {
    "flake-parts": {
      "inputs": {
        "nixpkgs-lib": [
          "nixpkgs"
        ]
      },
      "locked": {
        "lastModified": 1685662779,
        "narHash": "sha256-cKDDciXGpMEjP1n6HlzKinN0H+oLmNpgeCTzYnsA2po=",
        "owner": "hercules-ci",
        "repo": "flake-parts",
        "rev": "71fb97f0d875fd4de4994dfb849f2c75e17eb6c3",
        "type": "github"
      },
      "original": {
        "owner": "hercules-ci",
        "repo": "flake-parts",
        "type": "github"
      }
    },
    "home-manager": {
      "inputs": {
        "nixpkgs": [
          "nixpkgs"
        ]
      },
      "locked": {
        "lastModified": 1686305101,
        "narHash": "sha256-xCgeI+uTKay3Ab3tMdP9m9flIJbFkRMKwRAmg5PQhJQ=",
        "owner": "nix-community",
        "repo": "home-manager",
        "rev": "1e5d741ea3f3290d7ac06a02ded24bfdc7aadb37",
        "type": "github"
      },
      "original": {
        "owner": "nix-community",
        "repo": "home-manager",
        "type": "github"
      }
    },
    "jovian": {
      "flake": false,
      "locked": {
        "lastModified": 1686270715,
        "narHash": "sha256-fQAzxKc5jj1tDGbu6LzIcfC05E5iV6W//dJjC3HsLAg=",
        "owner": "Jovian-Experiments",
        "repo": "Jovian-NixOS",
        "rev": "173f9e5abc051c541e34c6bed7f5d476ce4ca72a",
        "type": "github"
      },
      "original": {
        "owner": "Jovian-Experiments",
        "repo": "Jovian-NixOS",
        "type": "github"
      }
    },
    "nixpkgs": {
      "locked": {
        "lastModified": 1686278677,
        "narHash": "sha256-09JxEJwd3v7WhAikGhbs3B2rj1AmDOeRw55j44ilb8g=",
        "owner": "NixOS",
        "repo": "nixpkgs",
        "rev": "c55fda0540197120423899ed44394ed4c277b317",
        "type": "github"
      },
      "original": {
        "owner": "NixOS",
        "ref": "nixos-unstable-small",
        "repo": "nixpkgs",
        "type": "github"
      }
    },
    "root": {
      "inputs": {
        "flake-parts": "flake-parts",
        "home-manager": "home-manager",
        "jovian": "jovian",
        "nixpkgs": "nixpkgs"
      }
    }
  },
  "root": "root",
  "version": 7
}
